
Microsoft Visual Studio Solution File, Format Version 12.00
# Visual Studio Version 16
VisualStudioVersion = 16.0.30503.244
MinimumVisualStudioVersion = 10.0.40219.1
Project("{FAE04EC0-301F-11D3-BF4B-00C04F79EFBC}") = "Hebba", "Hebba\Hebba.csproj", "{19B73C18-5166-4002-8C0A-0C2E04705BE6}"
EndProject
Global
	GlobalSection(SolutionConfigurationPlatforms) = preSolution
		Debug|Any CPU = Debug|Any CPU
		Release|Any CPU = Release|Any CPU
	EndGlobalSection
	GlobalSection(ProjectConfigurationPlatforms) = postSolution
		{19B73C18-5166-4002-8C0A-0C2E04705BE6}.Debug|Any CPU.ActiveCfg = Debug|Any CPU
		{19B73C18-5166-4002-8C0A-0C2E04705BE6}.Debug|Any CPU.Build.0 = Debug|Any CPU
		{19B73C18-5166-4002-8C0A-0C2E04705BE6}.Release|Any CPU.ActiveCfg = Release|Any CPU
		{19B73C18-5166-4002-8C0A-0C2E04705BE6}.Release|Any CPU.Build.0 = Release|Any CPU
	EndGlobalSection
	GlobalSection(SolutionProperties) = preSolution
		HideSolutionNode = FALSE
	EndGlobalSection
	GlobalSection(ExtensibilityGlobals) = postSolution
		SolutionGuid = {B3948C51-0BA1-4104-9E16-C74A5D48B0D4}
	EndGlobalSection
EndGlobal
